<?xml version="1.0" encoding="UTF-8" standalone="yes" ?>
<CodeBlocks_project_file>
	<FileVersion major="1" minor="6" />
	<Project>
		<Option title="C4OS" />
		<Option pch_mode="2" />
		<Option compiler="gcc" />
		<Build>
			<Target title="Debug">
				<Option output="bin/Debug/C4OS" prefix_auto="1" extension_auto="1" />
				<Option object_output="obj/Debug/" />
				<Option type="1" />
				<Option compiler="gcc" />
				<Compiler>
					<Add option="-g" />
					<Add directory="E:/MINGW/include" />
					<Add directory="E:/MINGW/allegro5" />
				</Compiler>
				<Linker>
					<Add library="..\..\..\..\..\..\..\..\Program Files (x86)\CodeBlocks\MinGW\lib\libgdi32.a" />
					<Add library="..\..\..\..\..\..\..\..\Program Files (x86)\CodeBlocks\MinGW\lib\liballegro-5.0.10-monolith-mt.a" />
					<Add directory="E:/MINGW/include" />
					<Add directory="E:/MINGW/lib" />
				</Linker>
			</Target>
			<Target title="Release">
				<Option output="bin/Release/C4OS" prefix_auto="1" extension_auto="1" />
				<Option object_output="obj/Release/" />
				<Option type="1" />
				<Option compiler="gcc" />
				<Compiler>
					<Add option="-O2" />
				</Compiler>
				<Linker>
					<Add option="-s" />
				</Linker>
			</Target>
		</Build>
		<Compiler>
			<Add option="-Wall" />
		</Compiler>
		<Unit filename="advinha.c">
			<Option compilerVar="CC" />
		</Unit>
		<Unit filename="criptografia.c">
			<Option compilerVar="CC" />
		</Unit>
		<Unit filename="fibonacci.c">
			<Option compilerVar="CC" />
		</Unit>
		<Unit filename="frames.c">
			<Option compilerVar="CC" />
		</Unit>
		<Unit filename="functions.c">
			<Option compilerVar="CC" />
		</Unit>
		<Unit filename="jogodavelha.c">
			<Option compilerVar="CC" />
		</Unit>
		<Unit filename="main.c">
			<Option compilerVar="CC" />
		</Unit>
		<Unit filename="pesoPalnetas.c">
			<Option compilerVar="CC" />
		</Unit>
		<Unit filename="txts/boot.txt" />
		<Unit filename="txts/frame2.txt" />
		<Unit filename="txts/frame3.txt" />
		<Unit filename="txts/frame4.txt" />
		<Unit filename="txts/logo.txt" />
		<Unit filename="txts/menu.txt" />
		<Unit filename="txts/userdata.txt" />
		<Extensions>
			<code_completion />
			<envvars />
			<debugger />
			<lib_finder disable_auto="1" />
		</Extensions>
	</Project>
</CodeBlocks_project_file>
